
Microsoft Visual Studio Solution File, Format Version 12.00
# Visual Studio 14
VisualStudioVersion = 14.0.23107.0
MinimumVisualStudioVersion = 10.0.40219.1
Project("{FAE04EC0-301F-11D3-BF4B-00C04F79EFBC}") = "IMSServer", "IMSServer\IMSServer.csproj", "{C8CD3FEB-5598-4712-B126-E7E0C3D7771D}"
EndProject
Project("{FAE04EC0-301F-11D3-BF4B-00C04F79EFBC}") = "IMSServer.Tests", "IMSServer.Tests\IMSServer.Tests.csproj", "{7A695D12-9ADB-47AE-8D25-C81DC77FFBC5}"
EndProject
Global
	GlobalSection(SolutionConfigurationPlatforms) = preSolution
		Debug|Any CPU = Debug|Any CPU
		Release|Any CPU = Release|Any CPU
	EndGlobalSection
	GlobalSection(ProjectConfigurationPlatforms) = postSolution
		{C8CD3FEB-5598-4712-B126-E7E0C3D7771D}.Debug|Any CPU.ActiveCfg = Debug|Any CPU
		{C8CD3FEB-5598-4712-B126-E7E0C3D7771D}.Debug|Any CPU.Build.0 = Debug|Any CPU
		{C8CD3FEB-5598-4712-B126-E7E0C3D7771D}.Release|Any CPU.ActiveCfg = Release|Any CPU
		{C8CD3FEB-5598-4712-B126-E7E0C3D7771D}.Release|Any CPU.Build.0 = Release|Any CPU
		{7A695D12-9ADB-47AE-8D25-C81DC77FFBC5}.Debug|Any CPU.ActiveCfg = Debug|Any CPU
		{7A695D12-9ADB-47AE-8D25-C81DC77FFBC5}.Debug|Any CPU.Build.0 = Debug|Any CPU
		{7A695D12-9ADB-47AE-8D25-C81DC77FFBC5}.Release|Any CPU.ActiveCfg = Release|Any CPU
		{7A695D12-9ADB-47AE-8D25-C81DC77FFBC5}.Release|Any CPU.Build.0 = Release|Any CPU
	EndGlobalSection
	GlobalSection(SolutionProperties) = preSolution
		HideSolutionNode = FALSE
	EndGlobalSection
EndGlobal
